// !$*UTF8*$!
{
	archiveVersion = 1;
	classes = {
	};
	objectVersion = 56;
	objects = {

/* Begin PBXBuildFile section */
		BD531D0B2B6C805A001C32D8 /* SortingAlgorithmVisualizerTests.swift in Sources */ = {isa = PBXBuildFile; fileRef = BD531D0A2B6C805A001C32D8 /* SortingAlgorithmVisualizerTests.swift */; };
		BD531D182B6CC83B001C32D8 /* TimeInterval+Nanoseconds.swift in Sources */ = {isa = PBXBuildFile; fileRef = BD531D172B6CC83B001C32D8 /* TimeInterval+Nanoseconds.swift */; };
		BD531D1E2B6DFEE3001C32D8 /* .swiftlint.yml in Resources */ = {isa = PBXBuildFile; fileRef = BD531D1D2B6DFEE3001C32D8 /* .swiftlint.yml */; };
		BD531D1F2B6DFEE3001C32D8 /* .swiftlint.yml in Resources */ = {isa = PBXBuildFile; fileRef = BD531D1D2B6DFEE3001C32D8 /* .swiftlint.yml */; };
		BD5963A02B69758F00BCDD5F /* SortingAlgorithmVisualizerApp.swift in Sources */ = {isa = PBXBuildFile; fileRef = BD59639F2B69758F00BCDD5F /* SortingAlgorithmVisualizerApp.swift */; };
		BD5963A22B69758F00BCDD5F /* ContentView.swift in Sources */ = {isa = PBXBuildFile; fileRef = BD5963A12B69758F00BCDD5F /* ContentView.swift */; };
		BD5963A42B69759000BCDD5F /* Assets.xcassets in Resources */ = {isa = PBXBuildFile; fileRef = BD5963A32B69759000BCDD5F /* Assets.xcassets */; };
		BD5963A72B69759000BCDD5F /* Preview Assets.xcassets in Resources */ = {isa = PBXBuildFile; fileRef = BD5963A62B69759000BCDD5F /* Preview Assets.xcassets */; };
		BD5964082B6B645F00BCDD5F /* Bar.swift in Sources */ = {isa = PBXBuildFile; fileRef = BD5964072B6B645F00BCDD5F /* Bar.swift */; };
		BD59640B2B6B65B200BCDD5F /* BarContainer.swift in Sources */ = {isa = PBXBuildFile; fileRef = BD59640A2B6B65B200BCDD5F /* BarContainer.swift */; };
/* End PBXBuildFile section */

/* Begin PBXContainerItemProxy section */
		BD531D0C2B6C805A001C32D8 /* PBXContainerItemProxy */ = {
			isa = PBXContainerItemProxy;
			containerPortal = BD5963942B69758F00BCDD5F /* Project object */;
			proxyType = 1;
			remoteGlobalIDString = BD59639B2B69758F00BCDD5F;
			remoteInfo = SortingAlgorithmVisualizer;
		};
/* End PBXContainerItemProxy section */

/* Begin PBXFileReference section */
		BD531D082B6C805A001C32D8 /* SortingAlgorithmVisualizerTests.xctest */ = {isa = PBXFileReference; explicitFileType = wrapper.cfbundle; includeInIndex = 0; path = SortingAlgorithmVisualizerTests.xctest; sourceTree = BUILT_PRODUCTS_DIR; };
		BD531D0A2B6C805A001C32D8 /* SortingAlgorithmVisualizerTests.swift */ = {isa = PBXFileReference; lastKnownFileType = sourcecode.swift; path = SortingAlgorithmVisualizerTests.swift; sourceTree = "<group>"; };
		BD531D112B6C87F8001C32D8 /* SortingAlgorithmVisualizer.xctestplan */ = {isa = PBXFileReference; lastKnownFileType = text; path = SortingAlgorithmVisualizer.xctestplan; sourceTree = "<group>"; };
		BD531D172B6CC83B001C32D8 /* TimeInterval+Nanoseconds.swift */ = {isa = PBXFileReference; lastKnownFileType = sourcecode.swift; path = "TimeInterval+Nanoseconds.swift"; sourceTree = "<group>"; };
		BD531D1D2B6DFEE3001C32D8 /* .swiftlint.yml */ = {isa = PBXFileReference; lastKnownFileType = text.yaml; path = .swiftlint.yml; sourceTree = "<group>"; };
		BD59639C2B69758F00BCDD5F /* SortingAlgorithmVisualizer.app */ = {isa = PBXFileReference; explicitFileType = wrapper.application; includeInIndex = 0; path = SortingAlgorithmVisualizer.app; sourceTree = BUILT_PRODUCTS_DIR; };
		BD59639F2B69758F00BCDD5F /* SortingAlgorithmVisualizerApp.swift */ = {isa = PBXFileReference; lastKnownFileType = sourcecode.swift; path = SortingAlgorithmVisualizerApp.swift; sourceTree = "<group>"; };
		BD5963A12B69758F00BCDD5F /* ContentView.swift */ = {isa = PBXFileReference; lastKnownFileType = sourcecode.swift; path = ContentView.swift; sourceTree = "<group>"; };
		BD5963A32B69759000BCDD5F /* Assets.xcassets */ = {isa = PBXFileReference; lastKnownFileType = folder.assetcatalog; path = Assets.xcassets; sourceTree = "<group>"; };
		BD5963A62B69759000BCDD5F /* Preview Assets.xcassets */ = {isa = PBXFileReference; lastKnownFileType = folder.assetcatalog; path = "Preview Assets.xcassets"; sourceTree = "<group>"; };
		BD5963A82B69759000BCDD5F /* SortingAlgorithmVisualizer.entitlements */ = {isa = PBXFileReference; lastKnownFileType = text.plist.entitlements; path = SortingAlgorithmVisualizer.entitlements; sourceTree = "<group>"; };
		BD5964072B6B645F00BCDD5F /* Bar.swift */ = {isa = PBXFileReference; lastKnownFileType = sourcecode.swift; path = Bar.swift; sourceTree = "<group>"; };
		BD59640A2B6B65B200BCDD5F /* BarContainer.swift */ = {isa = PBXFileReference; lastKnownFileType = sourcecode.swift; path = BarContainer.swift; sourceTree = "<group>"; };
/* End PBXFileReference section */

/* Begin PBXFrameworksBuildPhase section */
		BD531D052B6C805A001C32D8 /* Frameworks */ = {
			isa = PBXFrameworksBuildPhase;
			buildActionMask = 2147483647;
			files = (
			);
			runOnlyForDeploymentPostprocessing = 0;
		};
		BD5963992B69758F00BCDD5F /* Frameworks */ = {
			isa = PBXFrameworksBuildPhase;
			buildActionMask = 2147483647;
			files = (
			);
			runOnlyForDeploymentPostprocessing = 0;
		};
/* End PBXFrameworksBuildPhase section */

/* Begin PBXGroup section */
		BD531D092B6C805A001C32D8 /* SortingAlgorithmVisualizerTests */ = {
			isa = PBXGroup;
			children = (
				BD531D0A2B6C805A001C32D8 /* SortingAlgorithmVisualizerTests.swift */,
			);
			path = SortingAlgorithmVisualizerTests;
			sourceTree = "<group>";
		};
		BD531D162B6CC82E001C32D8 /* Extensions */ = {
			isa = PBXGroup;
			children = (
				BD531D172B6CC83B001C32D8 /* TimeInterval+Nanoseconds.swift */,
			);
			path = Extensions;
			sourceTree = "<group>";
		};
		BD5963932B69758F00BCDD5F = {
			isa = PBXGroup;
			children = (
				BD531D1D2B6DFEE3001C32D8 /* .swiftlint.yml */,
				BD531D112B6C87F8001C32D8 /* SortingAlgorithmVisualizer.xctestplan */,
				BD59639E2B69758F00BCDD5F /* SortingAlgorithmVisualizer */,
				BD531D092B6C805A001C32D8 /* SortingAlgorithmVisualizerTests */,
				BD59639D2B69758F00BCDD5F /* Products */,
			);
			sourceTree = "<group>";
		};
		BD59639D2B69758F00BCDD5F /* Products */ = {
			isa = PBXGroup;
			children = (
				BD59639C2B69758F00BCDD5F /* SortingAlgorithmVisualizer.app */,
				BD531D082B6C805A001C32D8 /* SortingAlgorithmVisualizerTests.xctest */,
			);
			name = Products;
			sourceTree = "<group>";
		};
		BD59639E2B69758F00BCDD5F /* SortingAlgorithmVisualizer */ = {
			isa = PBXGroup;
			children = (
				BD531D162B6CC82E001C32D8 /* Extensions */,
				BD5964092B6B65A300BCDD5F /* Models */,
				BD59640C2B6B660300BCDD5F /* Views */,
				BD59639F2B69758F00BCDD5F /* SortingAlgorithmVisualizerApp.swift */,
				BD5963A32B69759000BCDD5F /* Assets.xcassets */,
				BD5963A82B69759000BCDD5F /* SortingAlgorithmVisualizer.entitlements */,
				BD5963A52B69759000BCDD5F /* Preview Content */,
			);
			path = SortingAlgorithmVisualizer;
			sourceTree = "<group>";
		};
		BD5963A52B69759000BCDD5F /* Preview Content */ = {
			isa = PBXGroup;
			children = (
				BD5963A62B69759000BCDD5F /* Preview Assets.xcassets */,
			);
			path = "Preview Content";
			sourceTree = "<group>";
		};
		BD5964092B6B65A300BCDD5F /* Models */ = {
			isa = PBXGroup;
			children = (
				BD5964072B6B645F00BCDD5F /* Bar.swift */,
				BD59640A2B6B65B200BCDD5F /* BarContainer.swift */,
			);
			path = Models;
			sourceTree = "<group>";
		};
		BD59640C2B6B660300BCDD5F /* Views */ = {
			isa = PBXGroup;
			children = (
				BD5963A12B69758F00BCDD5F /* ContentView.swift */,
			);
			path = Views;
			sourceTree = "<group>";
		};
/* End PBXGroup section */

/* Begin PBXNativeTarget section */
		BD531D072B6C805A001C32D8 /* SortingAlgorithmVisualizerTests */ = {
			isa = PBXNativeTarget;
			buildConfigurationList = BD531D102B6C805A001C32D8 /* Build configuration list for PBXNativeTarget "SortingAlgorithmVisualizerTests" */;
			buildPhases = (
				BD531D042B6C805A001C32D8 /* Sources */,
				BD531D052B6C805A001C32D8 /* Frameworks */,
				BD531D062B6C805A001C32D8 /* Resources */,
			);
			buildRules = (
			);
			dependencies = (
				BD531D0D2B6C805A001C32D8 /* PBXTargetDependency */,
			);
			name = SortingAlgorithmVisualizerTests;
			productName = SortingAlgorithmVisualizerTests;
			productReference = BD531D082B6C805A001C32D8 /* SortingAlgorithmVisualizerTests.xctest */;
			productType = "com.apple.product-type.bundle.unit-test";
		};
		BD59639B2B69758F00BCDD5F /* SortingAlgorithmVisualizer */ = {
			isa = PBXNativeTarget;
			buildConfigurationList = BD5963C12B69759000BCDD5F /* Build configuration list for PBXNativeTarget "SortingAlgorithmVisualizer" */;
			buildPhases = (
				BD5963982B69758F00BCDD5F /* Sources */,
				BD5963992B69758F00BCDD5F /* Frameworks */,
				BD59639A2B69758F00BCDD5F /* Resources */,
				BD531D192B6DF704001C32D8 /* ShellScript */,
			);
			buildRules = (
			);
			dependencies = (
			);
			name = SortingAlgorithmVisualizer;
			productName = SortingAlgorithmVisualizer;
			productReference = BD59639C2B69758F00BCDD5F /* SortingAlgorithmVisualizer.app */;
			productType = "com.apple.product-type.application";
		};
/* End PBXNativeTarget section */

/* Begin PBXProject section */
		BD5963942B69758F00BCDD5F /* Project object */ = {
			isa = PBXProject;
			attributes = {
				BuildIndependentTargetsInParallel = 1;
				LastSwiftUpdateCheck = 1520;
				LastUpgradeCheck = 1520;
				TargetAttributes = {
					BD531D072B6C805A001C32D8 = {
						CreatedOnToolsVersion = 15.2;
						TestTargetID = BD59639B2B69758F00BCDD5F;
					};
					BD59639B2B69758F00BCDD5F = {
						CreatedOnToolsVersion = 15.2;
					};
				};
			};
			buildConfigurationList = BD5963972B69758F00BCDD5F /* Build configuration list for PBXProject "SortingAlgorithmVisualizer" */;
			compatibilityVersion = "Xcode 14.0";
			developmentRegion = en;
			hasScannedForEncodings = 0;
			knownRegions = (
				en,
				Base,
			);
			mainGroup = BD5963932B69758F00BCDD5F;
			productRefGroup = BD59639D2B69758F00BCDD5F /* Products */;
			projectDirPath = "";
			projectRoot = "";
			targets = (
				BD59639B2B69758F00BCDD5F /* SortingAlgorithmVisualizer */,
				BD531D072B6C805A001C32D8 /* SortingAlgorithmVisualizerTests */,
			);
		};
/* End PBXProject section */

/* Begin PBXResourcesBuildPhase section */
		BD531D062B6C805A001C32D8 /* Resources */ = {
			isa = PBXResourcesBuildPhase;
			buildActionMask = 2147483647;
			files = (
				BD531D1F2B6DFEE3001C32D8 /* .swiftlint.yml in Resources */,
			);
			runOnlyForDeploymentPostprocessing = 0;
		};
		BD59639A2B69758F00BCDD5F /* Resources */ = {
			isa = PBXResourcesBuildPhase;
			buildActionMask = 2147483647;
			files = (
				BD531D1E2B6DFEE3001C32D8 /* .swiftlint.yml in Resources */,
				BD5963A72B69759000BCDD5F /* Preview Assets.xcassets in Resources */,
				BD5963A42B69759000BCDD5F /* Assets.xcassets in Resources */,
			);
			runOnlyForDeploymentPostprocessing = 0;
		};
/* End PBXResourcesBuildPhase section */

/* Begin PBXShellScriptBuildPhase section */
		BD531D192B6DF704001C32D8 /* ShellScript */ = {
			isa = PBXShellScriptBuildPhase;
			alwaysOutOfDate = 1;
			buildActionMask = 2147483647;
			files = (
			);
			inputFileListPaths = (
			);
			inputPaths = (
			);
			outputFileListPaths = (
			);
			outputPaths = (
			);
			runOnlyForDeploymentPostprocessing = 0;
			shellPath = /bin/sh;
			shellScript = "# Adds support for Apple Silicon brew directory\nexport PATH=\"$PATH:/opt/homebrew/bin\"\n\nif which swiftlint >/dev/null; then\n  swiftlint\nelse\n  echo \"warning: SwiftLint not installed, download from https://github.com/realm/SwiftLint\"\nfi\n";
		};
/* End PBXShellScriptBuildPhase section */

/* Begin PBXSourcesBuildPhase section */
		BD531D042B6C805A001C32D8 /* Sources */ = {
			isa = PBXSourcesBuildPhase;
			buildActionMask = 2147483647;
			files = (
				BD531D0B2B6C805A001C32D8 /* SortingAlgorithmVisualizerTests.swift in Sources */,
			);
			runOnlyForDeploymentPostprocessing = 0;
		};
		BD5963982B69758F00BCDD5F /* Sources */ = {
			isa = PBXSourcesBuildPhase;
			buildActionMask = 2147483647;
			files = (
				BD59640B2B6B65B200BCDD5F /* BarContainer.swift in Sources */,
				BD5963A22B69758F00BCDD5F /* ContentView.swift in Sources */,
				BD531D182B6CC83B001C32D8 /* TimeInterval+Nanoseconds.swift in Sources */,
				BD5964082B6B645F00BCDD5F /* Bar.swift in Sources */,
				BD5963A02B69758F00BCDD5F /* SortingAlgorithmVisualizerApp.swift in Sources */,
			);
			runOnlyForDeploymentPostprocessing = 0;
		};
/* End PBXSourcesBuildPhase section */

/* Begin PBXTargetDependency section */
		BD531D0D2B6C805A001C32D8 /* PBXTargetDependency */ = {
			isa = PBXTargetDependency;
			target = BD59639B2B69758F00BCDD5F /* SortingAlgorithmVisualizer */;
			targetProxy = BD531D0C2B6C805A001C32D8 /* PBXContainerItemProxy */;
		};
/* End PBXTargetDependency section */

/* Begin XCBuildConfiguration section */
		BD531D0E2B6C805A001C32D8 /* Debug */ = {
			isa = XCBuildConfiguration;
			buildSettings = {
				BUNDLE_LOADER = "$(TEST_HOST)";
				CODE_SIGN_STYLE = Automatic;
				CURRENT_PROJECT_VERSION = 1;
				DEVELOPMENT_TEAM = HV7TRQD227;
				GENERATE_INFOPLIST_FILE = YES;
				MARKETING_VERSION = 1.0;
				PRODUCT_BUNDLE_IDENTIFIER = "Neal-Archival.SortingAlgorithmVisualizerTests";
				PRODUCT_NAME = "$(TARGET_NAME)";
				SWIFT_EMIT_LOC_STRINGS = NO;
				SWIFT_VERSION = 5.0;
				TEST_HOST = "$(BUILT_PRODUCTS_DIR)/SortingAlgorithmVisualizer.app/$(BUNDLE_EXECUTABLE_FOLDER_PATH)/SortingAlgorithmVisualizer";
			};
			name = Debug;
		};
		BD531D0F2B6C805A001C32D8 /* Release */ = {
			isa = XCBuildConfiguration;
			buildSettings = {
				BUNDLE_LOADER = "$(TEST_HOST)";
				CODE_SIGN_STYLE = Automatic;
				CURRENT_PROJECT_VERSION = 1;
				DEVELOPMENT_TEAM = HV7TRQD227;
				GENERATE_INFOPLIST_FILE = YES;
				MARKETING_VERSION = 1.0;
				PRODUCT_BUNDLE_IDENTIFIER = "Neal-Archival.SortingAlgorithmVisualizerTests";
				PRODUCT_NAME = "$(TARGET_NAME)";
				SWIFT_EMIT_LOC_STRINGS = NO;
				SWIFT_VERSION = 5.0;
				TEST_HOST = "$(BUILT_PRODUCTS_DIR)/SortingAlgorithmVisualizer.app/$(BUNDLE_EXECUTABLE_FOLDER_PATH)/SortingAlgorithmVisualizer";
			};
			name = Release;
		};
		BD5963BF2B69759000BCDD5F /* Debug */ = {
			isa = XCBuildConfiguration;
			buildSettings = {
				ALWAYS_SEARCH_USER_PATHS = NO;
				ASSETCATALOG_COMPILER_GENERATE_SWIFT_ASSET_SYMBOL_EXTENSIONS = YES;
				CLANG_ANALYZER_NONNULL = YES;
				CLANG_ANALYZER_NUMBER_OBJECT_CONVERSION = YES_AGGRESSIVE;
				CLANG_CXX_LANGUAGE_STANDARD = "gnu++20";
				CLANG_ENABLE_MODULES = YES;
				CLANG_ENABLE_OBJC_ARC = YES;
				CLANG_ENABLE_OBJC_WEAK = YES;
				CLANG_WARN_BLOCK_CAPTURE_AUTORELEASING = YES;
				CLANG_WARN_BOOL_CONVERSION = YES;
				CLANG_WARN_COMMA = YES;
				CLANG_WARN_CONSTANT_CONVERSION = YES;
				CLANG_WARN_DEPRECATED_OBJC_IMPLEMENTATIONS = YES;
				CLANG_WARN_DIRECT_OBJC_ISA_USAGE = YES_ERROR;
				CLANG_WARN_DOCUMENTATION_COMMENTS = YES;
				CLANG_WARN_EMPTY_BODY = YES;
				CLANG_WARN_ENUM_CONVERSION = YES;
				CLANG_WARN_INFINITE_RECURSION = YES;
				CLANG_WARN_INT_CONVERSION = YES;
				CLANG_WARN_NON_LITERAL_NULL_CONVERSION = YES;
				CLANG_WARN_OBJC_IMPLICIT_RETAIN_SELF = YES;
				CLANG_WARN_OBJC_LITERAL_CONVERSION = YES;
				CLANG_WARN_OBJC_ROOT_CLASS = YES_ERROR;
				CLANG_WARN_QUOTED_INCLUDE_IN_FRAMEWORK_HEADER = YES;
				CLANG_WARN_RANGE_LOOP_ANALYSIS = YES;
				CLANG_WARN_STRICT_PROTOTYPES = YES;
				CLANG_WARN_SUSPICIOUS_MOVE = YES;
				CLANG_WARN_UNGUARDED_AVAILABILITY = YES_AGGRESSIVE;
				CLANG_WARN_UNREACHABLE_CODE = YES;
				CLANG_WARN__DUPLICATE_METHOD_MATCH = YES;
				COPY_PHASE_STRIP = NO;
				DEBUG_INFORMATION_FORMAT = dwarf;
				ENABLE_STRICT_OBJC_MSGSEND = YES;
				ENABLE_TESTABILITY = YES;
				ENABLE_USER_SCRIPT_SANDBOXING = NO;
				GCC_C_LANGUAGE_STANDARD = gnu17;
				GCC_DYNAMIC_NO_PIC = NO;
				GCC_NO_COMMON_BLOCKS = YES;
				GCC_OPTIMIZATION_LEVEL = 0;
				GCC_PREPROCESSOR_DEFINITIONS = (
					"DEBUG=1",
					"$(inherited)",
				);
				GCC_WARN_64_TO_32_BIT_CONVERSION = YES;
				GCC_WARN_ABOUT_RETURN_TYPE = YES_ERROR;
				GCC_WARN_UNDECLARED_SELECTOR = YES;
				GCC_WARN_UNINITIALIZED_AUTOS = YES_AGGRESSIVE;
				GCC_WARN_UNUSED_FUNCTION = YES;
				GCC_WARN_UNUSED_VARIABLE = YES;
				LOCALIZATION_PREFERS_STRING_CATALOGS = YES;
				MACOSX_DEPLOYMENT_TARGET = 14.0;
				MTL_ENABLE_DEBUG_INFO = INCLUDE_SOURCE;
				MTL_FAST_MATH = YES;
				ONLY_ACTIVE_ARCH = YES;
				SDKROOT = macosx;
				SWIFT_ACTIVE_COMPILATION_CONDITIONS = "DEBUG $(inherited)";
				SWIFT_OPTIMIZATION_LEVEL = "-Onone";
			};
			name = Debug;
		};
		BD5963C02B69759000BCDD5F /* Release */ = {
			isa = XCBuildConfiguration;
			buildSettings = {
				ALWAYS_SEARCH_USER_PATHS = NO;
				ASSETCATALOG_COMPILER_GENERATE_SWIFT_ASSET_SYMBOL_EXTENSIONS = YES;
				CLANG_ANALYZER_NONNULL = YES;
				CLANG_ANALYZER_NUMBER_OBJECT_CONVERSION = YES_AGGRESSIVE;
				CLANG_CXX_LANGUAGE_STANDARD = "gnu++20";
				CLANG_ENABLE_MODULES = YES;
				CLANG_ENABLE_OBJC_ARC = YES;
				CLANG_ENABLE_OBJC_WEAK = YES;
				CLANG_WARN_BLOCK_CAPTURE_AUTORELEASING = YES;
				CLANG_WARN_BOOL_CONVERSION = YES;
				CLANG_WARN_COMMA = YES;
				CLANG_WARN_CONSTANT_CONVERSION = YES;
				CLANG_WARN_DEPRECATED_OBJC_IMPLEMENTATIONS = YES;
				CLANG_WARN_DIRECT_OBJC_ISA_USAGE = YES_ERROR;
				CLANG_WARN_DOCUMENTATION_COMMENTS = YES;
				CLANG_WARN_EMPTY_BODY = YES;
				CLANG_WARN_ENUM_CONVERSION = YES;
				CLANG_WARN_INFINITE_RECURSION = YES;
				CLANG_WARN_INT_CONVERSION = YES;
				CLANG_WARN_NON_LITERAL_NULL_CONVERSION = YES;
				CLANG_WARN_OBJC_IMPLICIT_RETAIN_SELF = YES;
				CLANG_WARN_OBJC_LITERAL_CONVERSION = YES;
				CLANG_WARN_OBJC_ROOT_CLASS = YES_ERROR;
				CLANG_WARN_QUOTED_INCLUDE_IN_FRAMEWORK_HEADER = YES;
				CLANG_WARN_RANGE_LOOP_ANALYSIS = YES;
				CLANG_WARN_STRICT_PROTOTYPES = YES;
				CLANG_WARN_SUSPICIOUS_MOVE = YES;
				CLANG_WARN_UNGUARDED_AVAILABILITY = YES_AGGRESSIVE;
				CLANG_WARN_UNREACHABLE_CODE = YES;
				CLANG_WARN__DUPLICATE_METHOD_MATCH = YES;
				COPY_PHASE_STRIP = NO;
				DEBUG_INFORMATION_FORMAT = "dwarf-with-dsym";
				ENABLE_NS_ASSERTIONS = NO;
				ENABLE_STRICT_OBJC_MSGSEND = YES;
				ENABLE_USER_SCRIPT_SANDBOXING = NO;
				GCC_C_LANGUAGE_STANDARD = gnu17;
				GCC_NO_COMMON_BLOCKS = YES;
				GCC_WARN_64_TO_32_BIT_CONVERSION = YES;
				GCC_WARN_ABOUT_RETURN_TYPE = YES_ERROR;
				GCC_WARN_UNDECLARED_SELECTOR = YES;
				GCC_WARN_UNINITIALIZED_AUTOS = YES_AGGRESSIVE;
				GCC_WARN_UNUSED_FUNCTION = YES;
				GCC_WARN_UNUSED_VARIABLE = YES;
				LOCALIZATION_PREFERS_STRING_CATALOGS = YES;
				MACOSX_DEPLOYMENT_TARGET = 14.0;
				MTL_ENABLE_DEBUG_INFO = NO;
				MTL_FAST_MATH = YES;
				SDKROOT = macosx;
				SWIFT_COMPILATION_MODE = wholemodule;
			};
			name = Release;
		};
		BD5963C22B69759000BCDD5F /* Debug */ = {
			isa = XCBuildConfiguration;
			buildSettings = {
				ASSETCATALOG_COMPILER_APPICON_NAME = AppIcon;
				ASSETCATALOG_COMPILER_GLOBAL_ACCENT_COLOR_NAME = AccentColor;
				CODE_SIGN_ENTITLEMENTS = SortingAlgorithmVisualizer/SortingAlgorithmVisualizer.entitlements;
				CODE_SIGN_STYLE = Automatic;
				COMBINE_HIDPI_IMAGES = YES;
				CURRENT_PROJECT_VERSION = 1;
				DEVELOPMENT_ASSET_PATHS = "\"SortingAlgorithmVisualizer/Preview Content\"";
				DEVELOPMENT_TEAM = HV7TRQD227;
				ENABLE_HARDENED_RUNTIME = YES;
				ENABLE_PREVIEWS = YES;
				GENERATE_INFOPLIST_FILE = YES;
				INFOPLIST_KEY_NSHumanReadableCopyright = "";
				LD_RUNPATH_SEARCH_PATHS = (
					"$(inherited)",
					"@executable_path/../Frameworks",
				);
				MARKETING_VERSION = 1.0;
				PRODUCT_BUNDLE_IDENTIFIER = "Neal-Archival.SortingAlgorithmVisualizer";
				PRODUCT_NAME = "$(TARGET_NAME)";
				SWIFT_EMIT_LOC_STRINGS = YES;
				SWIFT_VERSION = 5.0;
			};
			name = Debug;
		};
		BD5963C32B69759000BCDD5F /* Release */ = {
			isa = XCBuildConfiguration;
			buildSettings = {
				ASSETCATALOG_COMPILER_APPICON_NAME = AppIcon;
				ASSETCATALOG_COMPILER_GLOBAL_ACCENT_COLOR_NAME = AccentColor;
				CODE_SIGN_ENTITLEMENTS = SortingAlgorithmVisualizer/SortingAlgorithmVisualizer.entitlements;
				CODE_SIGN_STYLE = Automatic;
				COMBINE_HIDPI_IMAGES = YES;
				CURRENT_PROJECT_VERSION = 1;
				DEVELOPMENT_ASSET_PATHS = "\"SortingAlgorithmVisualizer/Preview Content\"";
				DEVELOPMENT_TEAM = HV7TRQD227;
				ENABLE_HARDENED_RUNTIME = YES;
				ENABLE_PREVIEWS = YES;
				GENERATE_INFOPLIST_FILE = YES;
				INFOPLIST_KEY_NSHumanReadableCopyright = "";
				LD_RUNPATH_SEARCH_PATHS = (
					"$(inherited)",
					"@executable_path/../Frameworks",
				);
				MARKETING_VERSION = 1.0;
				PRODUCT_BUNDLE_IDENTIFIER = "Neal-Archival.SortingAlgorithmVisualizer";
				PRODUCT_NAME = "$(TARGET_NAME)";
				SWIFT_EMIT_LOC_STRINGS = YES;
				SWIFT_VERSION = 5.0;
			};
			name = Release;
		};
/* End XCBuildConfiguration section */

/* Begin XCConfigurationList section */
		BD531D102B6C805A001C32D8 /* Build configuration list for PBXNativeTarget "SortingAlgorithmVisualizerTests" */ = {
			isa = XCConfigurationList;
			buildConfigurations = (
				BD531D0E2B6C805A001C32D8 /* Debug */,
				BD531D0F2B6C805A001C32D8 /* Release */,
			);
			defaultConfigurationIsVisible = 0;
			defaultConfigurationName = Release;
		};
		BD5963972B69758F00BCDD5F /* Build configuration list for PBXProject "SortingAlgorithmVisualizer" */ = {
			isa = XCConfigurationList;
			buildConfigurations = (
				BD5963BF2B69759000BCDD5F /* Debug */,
				BD5963C02B69759000BCDD5F /* Release */,
			);
			defaultConfigurationIsVisible = 0;
			defaultConfigurationName = Release;
		};
		BD5963C12B69759000BCDD5F /* Build configuration list for PBXNativeTarget "SortingAlgorithmVisualizer" */ = {
			isa = XCConfigurationList;
			buildConfigurations = (
				BD5963C22B69759000BCDD5F /* Debug */,
				BD5963C32B69759000BCDD5F /* Release */,
			);
			defaultConfigurationIsVisible = 0;
			defaultConfigurationName = Release;
		};
/* End XCConfigurationList section */
	};
	rootObject = BD5963942B69758F00BCDD5F /* Project object */;
}
